// !$*UTF8*$!
{
	archiveVersion = 1;
	classes = {
	};
	objectVersion = 55;
	objects = {

/* Begin PBXBuildFile section */
		7422E0B12814434000A0C53F /* GoogleService-Info.plist in Resources */ = {isa = PBXBuildFile; fileRef = 7422E0B02814434000A0C53F /* GoogleService-Info.plist */; };
		7453F625281734C70002DE5D /* Quiz.swift in Sources */ = {isa = PBXBuildFile; fileRef = 7453F624281734C60002DE5D /* Quiz.swift */; };
		7453F627281736F20002DE5D /* ContentViewModel.swift in Sources */ = {isa = PBXBuildFile; fileRef = 7453F626281736F20002DE5D /* ContentViewModel.swift */; };
		74616672281846CC00ADAA17 /* data.json in Resources */ = {isa = PBXBuildFile; fileRef = 74CB3F9B28178A2700D1BE00 /* data.json */; };
		74DF7318281349800096DFA2 /* ExercisePhysiologyQuizAppApp.swift in Sources */ = {isa = PBXBuildFile; fileRef = 74DF7317281349800096DFA2 /* ExercisePhysiologyQuizAppApp.swift */; };
		74DF731A281349810096DFA2 /* ContentView.swift in Sources */ = {isa = PBXBuildFile; fileRef = 74DF7319281349810096DFA2 /* ContentView.swift */; };
		74DF731C281349890096DFA2 /* Assets.xcassets in Resources */ = {isa = PBXBuildFile; fileRef = 74DF731B281349890096DFA2 /* Assets.xcassets */; };
		74DF731F281349890096DFA2 /* Preview Assets.xcassets in Resources */ = {isa = PBXBuildFile; fileRef = 74DF731E281349890096DFA2 /* Preview Assets.xcassets */; };
		E541FA1A93CF006EF87AE630 /* Pods_ExercisePhysiologyQuizApp.framework in Frameworks */ = {isa = PBXBuildFile; fileRef = 6B30C7A7776764AA86991670 /* Pods_ExercisePhysiologyQuizApp.framework */; };
/* End PBXBuildFile section */

/* Begin PBXFileReference section */
		54D1AB716812B99A0E0557CF /* Pods-ExercisePhysiologyQuizApp.debug.xcconfig */ = {isa = PBXFileReference; includeInIndex = 1; lastKnownFileType = text.xcconfig; name = "Pods-ExercisePhysiologyQuizApp.debug.xcconfig"; path = "Target Support Files/Pods-ExercisePhysiologyQuizApp/Pods-ExercisePhysiologyQuizApp.debug.xcconfig"; sourceTree = "<group>"; };
		6B30C7A7776764AA86991670 /* Pods_ExercisePhysiologyQuizApp.framework */ = {isa = PBXFileReference; explicitFileType = wrapper.framework; includeInIndex = 0; path = Pods_ExercisePhysiologyQuizApp.framework; sourceTree = BUILT_PRODUCTS_DIR; };
		7422E0B02814434000A0C53F /* GoogleService-Info.plist */ = {isa = PBXFileReference; fileEncoding = 4; lastKnownFileType = text.plist.xml; path = "GoogleService-Info.plist"; sourceTree = "<group>"; };
		7453F624281734C60002DE5D /* Quiz.swift */ = {isa = PBXFileReference; lastKnownFileType = sourcecode.swift; path = Quiz.swift; sourceTree = "<group>"; };
		7453F626281736F20002DE5D /* ContentViewModel.swift */ = {isa = PBXFileReference; lastKnownFileType = sourcecode.swift; path = ContentViewModel.swift; sourceTree = "<group>"; };
		74CB3F9B28178A2700D1BE00 /* data.json */ = {isa = PBXFileReference; fileEncoding = 4; lastKnownFileType = text.json; path = data.json; sourceTree = "<group>"; };
		74DF7314281349800096DFA2 /* ExercisePhysiologyQuizApp.app */ = {isa = PBXFileReference; explicitFileType = wrapper.application; includeInIndex = 0; path = ExercisePhysiologyQuizApp.app; sourceTree = BUILT_PRODUCTS_DIR; };
		74DF7317281349800096DFA2 /* ExercisePhysiologyQuizAppApp.swift */ = {isa = PBXFileReference; lastKnownFileType = sourcecode.swift; path = ExercisePhysiologyQuizAppApp.swift; sourceTree = "<group>"; };
		74DF7319281349810096DFA2 /* ContentView.swift */ = {isa = PBXFileReference; lastKnownFileType = sourcecode.swift; path = ContentView.swift; sourceTree = "<group>"; };
		74DF731B281349890096DFA2 /* Assets.xcassets */ = {isa = PBXFileReference; lastKnownFileType = folder.assetcatalog; path = Assets.xcassets; sourceTree = "<group>"; };
		74DF731E281349890096DFA2 /* Preview Assets.xcassets */ = {isa = PBXFileReference; lastKnownFileType = folder.assetcatalog; path = "Preview Assets.xcassets"; sourceTree = "<group>"; };
		E9A607ECF684470C2755F9C4 /* Pods-ExercisePhysiologyQuizApp.release.xcconfig */ = {isa = PBXFileReference; includeInIndex = 1; lastKnownFileType = text.xcconfig; name = "Pods-ExercisePhysiologyQuizApp.release.xcconfig"; path = "Target Support Files/Pods-ExercisePhysiologyQuizApp/Pods-ExercisePhysiologyQuizApp.release.xcconfig"; sourceTree = "<group>"; };
/* End PBXFileReference section */

/* Begin PBXFrameworksBuildPhase section */
		74DF7311281349800096DFA2 /* Frameworks */ = {
			isa = PBXFrameworksBuildPhase;
			buildActionMask = 2147483647;
			files = (
				E541FA1A93CF006EF87AE630 /* Pods_ExercisePhysiologyQuizApp.framework in Frameworks */,
			);
			runOnlyForDeploymentPostprocessing = 0;
		};
/* End PBXFrameworksBuildPhase section */

/* Begin PBXGroup section */
		7422E0B22814453700A0C53F /* Views */ = {
			isa = PBXGroup;
			children = (
				74DF7319281349810096DFA2 /* ContentView.swift */,
			);
			path = Views;
			sourceTree = "<group>";
		};
		7453F61F281731230002DE5D /* Model */ = {
			isa = PBXGroup;
			children = (
				7453F624281734C60002DE5D /* Quiz.swift */,
			);
			path = Model;
			sourceTree = "<group>";
		};
		7453F6202817312B0002DE5D /* ViewModel */ = {
			isa = PBXGroup;
			children = (
				7453F626281736F20002DE5D /* ContentViewModel.swift */,
			);
			path = ViewModel;
			sourceTree = "<group>";
		};
		7453F621281731380002DE5D /* Data */ = {
			isa = PBXGroup;
			children = (
				74CB3F9B28178A2700D1BE00 /* data.json */,
			);
			path = Data;
			sourceTree = "<group>";
		};
		74616677281881E100ADAA17 /* Components */ = {
			isa = PBXGroup;
			children = (
			);
			path = Components;
			sourceTree = "<group>";
		};
		74DF730B281349800096DFA2 = {
			isa = PBXGroup;
			children = (
				74DF7316281349800096DFA2 /* ExercisePhysiologyQuizApp */,
				74DF7315281349800096DFA2 /* Products */,
				D1F1F934C8CFA8C20110C6A7 /* Pods */,
				858FCB25425C418F1B26AC91 /* Frameworks */,
			);
			sourceTree = "<group>";
		};
		74DF7315281349800096DFA2 /* Products */ = {
			isa = PBXGroup;
			children = (
				74DF7314281349800096DFA2 /* ExercisePhysiologyQuizApp.app */,
			);
			name = Products;
			sourceTree = "<group>";
		};
		74DF7316281349800096DFA2 /* ExercisePhysiologyQuizApp */ = {
			isa = PBXGroup;
			children = (
				74DF7317281349800096DFA2 /* ExercisePhysiologyQuizAppApp.swift */,
				74616677281881E100ADAA17 /* Components */,
				7453F621281731380002DE5D /* Data */,
				7453F61F281731230002DE5D /* Model */,
				7453F6202817312B0002DE5D /* ViewModel */,
				7422E0B22814453700A0C53F /* Views */,
				7422E0B02814434000A0C53F /* GoogleService-Info.plist */,
				74DF731B281349890096DFA2 /* Assets.xcassets */,
				74DF731D281349890096DFA2 /* Preview Content */,
			);
			path = ExercisePhysiologyQuizApp;
			sourceTree = "<group>";
		};
		74DF731D281349890096DFA2 /* Preview Content */ = {
			isa = PBXGroup;
			children = (
				74DF731E281349890096DFA2 /* Preview Assets.xcassets */,
			);
			path = "Preview Content";
			sourceTree = "<group>";
		};
		858FCB25425C418F1B26AC91 /* Frameworks */ = {
			isa = PBXGroup;
			children = (
				6B30C7A7776764AA86991670 /* Pods_ExercisePhysiologyQuizApp.framework */,
			);
			name = Frameworks;
			sourceTree = "<group>";
		};
		D1F1F934C8CFA8C20110C6A7 /* Pods */ = {
			isa = PBXGroup;
			children = (
				54D1AB716812B99A0E0557CF /* Pods-ExercisePhysiologyQuizApp.debug.xcconfig */,
				E9A607ECF684470C2755F9C4 /* Pods-ExercisePhysiologyQuizApp.release.xcconfig */,
			);
			path = Pods;
			sourceTree = "<group>";
		};
/* End PBXGroup section */

/* Begin PBXNativeTarget section */
		74DF7313281349800096DFA2 /* ExercisePhysiologyQuizApp */ = {
			isa = PBXNativeTarget;
			buildConfigurationList = 74DF7322281349890096DFA2 /* Build configuration list for PBXNativeTarget "ExercisePhysiologyQuizApp" */;
			buildPhases = (
				8891C4592270765AFACE9FEB /* [CP] Check Pods Manifest.lock */,
				74DF7310281349800096DFA2 /* Sources */,
				74DF7311281349800096DFA2 /* Frameworks */,
				74DF7312281349800096DFA2 /* Resources */,
				C2F6C4188B8709698FD1E33C /* [CP] Embed Pods Frameworks */,
			);
			buildRules = (
			);
			dependencies = (
			);
			name = ExercisePhysiologyQuizApp;
			productName = ExercisePhysiologyQuizApp;
			productReference = 74DF7314281349800096DFA2 /* ExercisePhysiologyQuizApp.app */;
			productType = "com.apple.product-type.application";
		};
/* End PBXNativeTarget section */

/* Begin PBXProject section */
		74DF730C281349800096DFA2 /* Project object */ = {
			isa = PBXProject;
			attributes = {
				BuildIndependentTargetsInParallel = 1;
				LastSwiftUpdateCheck = 1330;
				LastUpgradeCheck = 1330;
				TargetAttributes = {
					74DF7313281349800096DFA2 = {
						CreatedOnToolsVersion = 13.3.1;
					};
				};
			};
			buildConfigurationList = 74DF730F281349800096DFA2 /* Build configuration list for PBXProject "ExercisePhysiologyQuizApp" */;
			compatibilityVersion = "Xcode 13.0";
			developmentRegion = en;
			hasScannedForEncodings = 0;
			knownRegions = (
				en,
				Base,
			);
			mainGroup = 74DF730B281349800096DFA2;
			productRefGroup = 74DF7315281349800096DFA2 /* Products */;
			projectDirPath = "";
			projectRoot = "";
			targets = (
				74DF7313281349800096DFA2 /* ExercisePhysiologyQuizApp */,
			);
		};
/* End PBXProject section */

/* Begin PBXResourcesBuildPhase section */
		74DF7312281349800096DFA2 /* Resources */ = {
			isa = PBXResourcesBuildPhase;
			buildActionMask = 2147483647;
			files = (
				74DF731F281349890096DFA2 /* Preview Assets.xcassets in Resources */,
				74DF731C281349890096DFA2 /* Assets.xcassets in Resources */,
				7422E0B12814434000A0C53F /* GoogleService-Info.plist in Resources */,
				74616672281846CC00ADAA17 /* data.json in Resources */,
			);
			runOnlyForDeploymentPostprocessing = 0;
		};
/* End PBXResourcesBuildPhase section */

/* Begin PBXShellScriptBuildPhase section */
		8891C4592270765AFACE9FEB /* [CP] Check Pods Manifest.lock */ = {
			isa = PBXShellScriptBuildPhase;
			buildActionMask = 2147483647;
			files = (
			);
			inputFileListPaths = (
			);
			inputPaths = (
				"${PODS_PODFILE_DIR_PATH}/Podfile.lock",
				"${PODS_ROOT}/Manifest.lock",
			);
			name = "[CP] Check Pods Manifest.lock";
			outputFileListPaths = (
			);
			outputPaths = (
				"$(DERIVED_FILE_DIR)/Pods-ExercisePhysiologyQuizApp-checkManifestLockResult.txt",
			);
			runOnlyForDeploymentPostprocessing = 0;
			shellPath = /bin/sh;
			shellScript = "diff \"${PODS_PODFILE_DIR_PATH}/Podfile.lock\" \"${PODS_ROOT}/Manifest.lock\" > /dev/null\nif [ $? != 0 ] ; then\n    # print error to STDERR\n    echo \"error: The sandbox is not in sync with the Podfile.lock. Run 'pod install' or update your CocoaPods installation.\" >&2\n    exit 1\nfi\n# This output is used by Xcode 'outputs' to avoid re-running this script phase.\necho \"SUCCESS\" > \"${SCRIPT_OUTPUT_FILE_0}\"\n";
			showEnvVarsInLog = 0;
		};
		C2F6C4188B8709698FD1E33C /* [CP] Embed Pods Frameworks */ = {
			isa = PBXShellScriptBuildPhase;
			buildActionMask = 2147483647;
			files = (
			);
			inputFileListPaths = (
				"${PODS_ROOT}/Target Support Files/Pods-ExercisePhysiologyQuizApp/Pods-ExercisePhysiologyQuizApp-frameworks-${CONFIGURATION}-input-files.xcfilelist",
			);
			name = "[CP] Embed Pods Frameworks";
			outputFileListPaths = (
				"${PODS_ROOT}/Target Support Files/Pods-ExercisePhysiologyQuizApp/Pods-ExercisePhysiologyQuizApp-frameworks-${CONFIGURATION}-output-files.xcfilelist",
			);
			runOnlyForDeploymentPostprocessing = 0;
			shellPath = /bin/sh;
			shellScript = "\"${PODS_ROOT}/Target Support Files/Pods-ExercisePhysiologyQuizApp/Pods-ExercisePhysiologyQuizApp-frameworks.sh\"\n";
			showEnvVarsInLog = 0;
		};
/* End PBXShellScriptBuildPhase section */

/* Begin PBXSourcesBuildPhase section */
		74DF7310281349800096DFA2 /* Sources */ = {
			isa = PBXSourcesBuildPhase;
			buildActionMask = 2147483647;
			files = (
				7453F627281736F20002DE5D /* ContentViewModel.swift in Sources */,
				74DF731A281349810096DFA2 /* ContentView.swift in Sources */,
				74DF7318281349800096DFA2 /* ExercisePhysiologyQuizAppApp.swift in Sources */,
				7453F625281734C70002DE5D /* Quiz.swift in Sources */,
			);
			runOnlyForDeploymentPostprocessing = 0;
		};
/* End PBXSourcesBuildPhase section */

/* Begin XCBuildConfiguration section */
		74DF7320281349890096DFA2 /* Debug */ = {
			isa = XCBuildConfiguration;
			buildSettings = {
				ALWAYS_SEARCH_USER_PATHS = NO;
				CLANG_ANALYZER_NONNULL = YES;
				CLANG_ANALYZER_NUMBER_OBJECT_CONVERSION = YES_AGGRESSIVE;
				CLANG_CXX_LANGUAGE_STANDARD = "gnu++17";
				CLANG_ENABLE_MODULES = YES;
				CLANG_ENABLE_OBJC_ARC = YES;
				CLANG_ENABLE_OBJC_WEAK = YES;
				CLANG_WARN_BLOCK_CAPTURE_AUTORELEASING = YES;
				CLANG_WARN_BOOL_CONVERSION = YES;
				CLANG_WARN_COMMA = YES;
				CLANG_WARN_CONSTANT_CONVERSION = YES;
				CLANG_WARN_DEPRECATED_OBJC_IMPLEMENTATIONS = YES;
				CLANG_WARN_DIRECT_OBJC_ISA_USAGE = YES_ERROR;
				CLANG_WARN_DOCUMENTATION_COMMENTS = YES;
				CLANG_WARN_EMPTY_BODY = YES;
				CLANG_WARN_ENUM_CONVERSION = YES;
				CLANG_WARN_INFINITE_RECURSION = YES;
				CLANG_WARN_INT_CONVERSION = YES;
				CLANG_WARN_NON_LITERAL_NULL_CONVERSION = YES;
				CLANG_WARN_OBJC_IMPLICIT_RETAIN_SELF = YES;
				CLANG_WARN_OBJC_LITERAL_CONVERSION = YES;
				CLANG_WARN_OBJC_ROOT_CLASS = YES_ERROR;
				CLANG_WARN_QUOTED_INCLUDE_IN_FRAMEWORK_HEADER = NO;
				CLANG_WARN_RANGE_LOOP_ANALYSIS = YES;
				CLANG_WARN_STRICT_PROTOTYPES = YES;
				CLANG_WARN_SUSPICIOUS_MOVE = YES;
				CLANG_WARN_UNGUARDED_AVAILABILITY = YES_AGGRESSIVE;
				CLANG_WARN_UNREACHABLE_CODE = YES;
				CLANG_WARN__DUPLICATE_METHOD_MATCH = YES;
				COPY_PHASE_STRIP = NO;
				DEBUG_INFORMATION_FORMAT = dwarf;
				ENABLE_STRICT_OBJC_MSGSEND = YES;
				ENABLE_TESTABILITY = YES;
				GCC_C_LANGUAGE_STANDARD = gnu11;
				GCC_DYNAMIC_NO_PIC = NO;
				GCC_NO_COMMON_BLOCKS = YES;
				GCC_OPTIMIZATION_LEVEL = 0;
				GCC_PREPROCESSOR_DEFINITIONS = (
					"DEBUG=1",
					"$(inherited)",
				);
				GCC_WARN_64_TO_32_BIT_CONVERSION = YES;
				GCC_WARN_ABOUT_RETURN_TYPE = YES_ERROR;
				GCC_WARN_UNDECLARED_SELECTOR = YES;
				GCC_WARN_UNINITIALIZED_AUTOS = YES_AGGRESSIVE;
				GCC_WARN_UNUSED_FUNCTION = YES;
				GCC_WARN_UNUSED_VARIABLE = YES;
				IPHONEOS_DEPLOYMENT_TARGET = 15.4;
				MTL_ENABLE_DEBUG_INFO = INCLUDE_SOURCE;
				MTL_FAST_MATH = YES;
				ONLY_ACTIVE_ARCH = YES;
				SDKROOT = iphoneos;
				SWIFT_ACTIVE_COMPILATION_CONDITIONS = DEBUG;
				SWIFT_OPTIMIZATION_LEVEL = "-Onone";
			};
			name = Debug;
		};
		74DF7321281349890096DFA2 /* Release */ = {
			isa = XCBuildConfiguration;
			buildSettings = {
				ALWAYS_SEARCH_USER_PATHS = NO;
				CLANG_ANALYZER_NONNULL = YES;
				CLANG_ANALYZER_NUMBER_OBJECT_CONVERSION = YES_AGGRESSIVE;
				CLANG_CXX_LANGUAGE_STANDARD = "gnu++17";
				CLANG_ENABLE_MODULES = YES;
				CLANG_ENABLE_OBJC_ARC = YES;
				CLANG_ENABLE_OBJC_WEAK = YES;
				CLANG_WARN_BLOCK_CAPTURE_AUTORELEASING = YES;
				CLANG_WARN_BOOL_CONVERSION = YES;
				CLANG_WARN_COMMA = YES;
				CLANG_WARN_CONSTANT_CONVERSION = YES;
				CLANG_WARN_DEPRECATED_OBJC_IMPLEMENTATIONS = YES;
				CLANG_WARN_DIRECT_OBJC_ISA_USAGE = YES_ERROR;
				CLANG_WARN_DOCUMENTATION_COMMENTS = YES;
				CLANG_WARN_EMPTY_BODY = YES;
				CLANG_WARN_ENUM_CONVERSION = YES;
				CLANG_WARN_INFINITE_RECURSION = YES;
				CLANG_WARN_INT_CONVERSION = YES;
				CLANG_WARN_NON_LITERAL_NULL_CONVERSION = YES;
				CLANG_WARN_OBJC_IMPLICIT_RETAIN_SELF = YES;
				CLANG_WARN_OBJC_LITERAL_CONVERSION = YES;
				CLANG_WARN_OBJC_ROOT_CLASS = YES_ERROR;
				CLANG_WARN_QUOTED_INCLUDE_IN_FRAMEWORK_HEADER = NO;
				CLANG_WARN_RANGE_LOOP_ANALYSIS = YES;
				CLANG_WARN_STRICT_PROTOTYPES = YES;
				CLANG_WARN_SUSPICIOUS_MOVE = YES;
				CLANG_WARN_UNGUARDED_AVAILABILITY = YES_AGGRESSIVE;
				CLANG_WARN_UNREACHABLE_CODE = YES;
				CLANG_WARN__DUPLICATE_METHOD_MATCH = YES;
				COPY_PHASE_STRIP = NO;
				DEBUG_INFORMATION_FORMAT = "dwarf-with-dsym";
				ENABLE_NS_ASSERTIONS = NO;
				ENABLE_STRICT_OBJC_MSGSEND = YES;
				GCC_C_LANGUAGE_STANDARD = gnu11;
				GCC_NO_COMMON_BLOCKS = YES;
				GCC_WARN_64_TO_32_BIT_CONVERSION = YES;
				GCC_WARN_ABOUT_RETURN_TYPE = YES_ERROR;
				GCC_WARN_UNDECLARED_SELECTOR = YES;
				GCC_WARN_UNINITIALIZED_AUTOS = YES_AGGRESSIVE;
				GCC_WARN_UNUSED_FUNCTION = YES;
				GCC_WARN_UNUSED_VARIABLE = YES;
				IPHONEOS_DEPLOYMENT_TARGET = 15.4;
				MTL_ENABLE_DEBUG_INFO = NO;
				MTL_FAST_MATH = YES;
				SDKROOT = iphoneos;
				SWIFT_COMPILATION_MODE = wholemodule;
				SWIFT_OPTIMIZATION_LEVEL = "-O";
				VALIDATE_PRODUCT = YES;
			};
			name = Release;
		};
		74DF7323281349890096DFA2 /* Debug */ = {
			isa = XCBuildConfiguration;
			baseConfigurationReference = 54D1AB716812B99A0E0557CF /* Pods-ExercisePhysiologyQuizApp.debug.xcconfig */;
			buildSettings = {
				ASSETCATALOG_COMPILER_APPICON_NAME = AppIcon;
				ASSETCATALOG_COMPILER_GLOBAL_ACCENT_COLOR_NAME = AccentColor;
				CODE_SIGN_STYLE = Automatic;
				CURRENT_PROJECT_VERSION = 1;
				DEVELOPMENT_ASSET_PATHS = "\"ExercisePhysiologyQuizApp/Preview Content\"";
				DEVELOPMENT_TEAM = 95Y447U3W5;
				ENABLE_PREVIEWS = YES;
				GENERATE_INFOPLIST_FILE = YES;
				INFOPLIST_KEY_UIApplicationSceneManifest_Generation = YES;
				INFOPLIST_KEY_UIApplicationSupportsIndirectInputEvents = YES;
				INFOPLIST_KEY_UILaunchScreen_Generation = YES;
				INFOPLIST_KEY_UISupportedInterfaceOrientations_iPad = "UIInterfaceOrientationPortrait UIInterfaceOrientationPortraitUpsideDown UIInterfaceOrientationLandscapeLeft UIInterfaceOrientationLandscapeRight";
				INFOPLIST_KEY_UISupportedInterfaceOrientations_iPhone = "UIInterfaceOrientationPortrait UIInterfaceOrientationLandscapeLeft UIInterfaceOrientationLandscapeRight";
				LD_RUNPATH_SEARCH_PATHS = (
					"$(inherited)",
					"@executable_path/Frameworks",
				);
				MARKETING_VERSION = 1.0;
				PRODUCT_BUNDLE_IDENTIFIER = com.kevinjeon.ExercisePhysiologyQuizApp;
				PRODUCT_NAME = "$(TARGET_NAME)";
				SWIFT_EMIT_LOC_STRINGS = YES;
				SWIFT_VERSION = 5.0;
				TARGETED_DEVICE_FAMILY = "1,2";
			};
			name = Debug;
		};
		74DF7324281349890096DFA2 /* Release */ = {
			isa = XCBuildConfiguration;
			baseConfigurationReference = E9A607ECF684470C2755F9C4 /* Pods-ExercisePhysiologyQuizApp.release.xcconfig */;
			buildSettings = {
				ASSETCATALOG_COMPILER_APPICON_NAME = AppIcon;
				ASSETCATALOG_COMPILER_GLOBAL_ACCENT_COLOR_NAME = AccentColor;
				CODE_SIGN_STYLE = Automatic;
				CURRENT_PROJECT_VERSION = 1;
				DEVELOPMENT_ASSET_PATHS = "\"ExercisePhysiologyQuizApp/Preview Content\"";
				DEVELOPMENT_TEAM = 95Y447U3W5;
				ENABLE_PREVIEWS = YES;
				GENERATE_INFOPLIST_FILE = YES;
				INFOPLIST_KEY_UIApplicationSceneManifest_Generation = YES;
				INFOPLIST_KEY_UIApplicationSupportsIndirectInputEvents = YES;
				INFOPLIST_KEY_UILaunchScreen_Generation = YES;
				INFOPLIST_KEY_UISupportedInterfaceOrientations_iPad = "UIInterfaceOrientationPortrait UIInterfaceOrientationPortraitUpsideDown UIInterfaceOrientationLandscapeLeft UIInterfaceOrientationLandscapeRight";
				INFOPLIST_KEY_UISupportedInterfaceOrientations_iPhone = "UIInterfaceOrientationPortrait UIInterfaceOrientationLandscapeLeft UIInterfaceOrientationLandscapeRight";
				LD_RUNPATH_SEARCH_PATHS = (
					"$(inherited)",
					"@executable_path/Frameworks",
				);
				MARKETING_VERSION = 1.0;
				PRODUCT_BUNDLE_IDENTIFIER = com.kevinjeon.ExercisePhysiologyQuizApp;
				PRODUCT_NAME = "$(TARGET_NAME)";
				SWIFT_EMIT_LOC_STRINGS = YES;
				SWIFT_VERSION = 5.0;
				TARGETED_DEVICE_FAMILY = "1,2";
			};
			name = Release;
		};
/* End XCBuildConfiguration section */

/* Begin XCConfigurationList section */
		74DF730F281349800096DFA2 /* Build configuration list for PBXProject "ExercisePhysiologyQuizApp" */ = {
			isa = XCConfigurationList;
			buildConfigurations = (
				74DF7320281349890096DFA2 /* Debug */,
				74DF7321281349890096DFA2 /* Release */,
			);
			defaultConfigurationIsVisible = 0;
			defaultConfigurationName = Release;
		};
		74DF7322281349890096DFA2 /* Build configuration list for PBXNativeTarget "ExercisePhysiologyQuizApp" */ = {
			isa = XCConfigurationList;
			buildConfigurations = (
				74DF7323281349890096DFA2 /* Debug */,
				74DF7324281349890096DFA2 /* Release */,
			);
			defaultConfigurationIsVisible = 0;
			defaultConfigurationName = Release;
		};
/* End XCConfigurationList section */
	};
	rootObject = 74DF730C281349800096DFA2 /* Project object */;
}
